
Microsoft Visual Studio Solution File, Format Version 12.00
# Visual Studio Version 17
VisualStudioVersion = 17.14.36202.13
MinimumVisualStudioVersion = 10.0.40219.1
Project("{FAE04EC0-301F-11D3-BF4B-00C04F79EFBC}") = "Helpdesk", "Helpdesk\Helpdesk.csproj", "{DC6FBF92-82FD-43F1-B9F1-8C5A2822D00F}"
EndProject
Project("{FAE04EC0-301F-11D3-BF4B-00C04F79EFBC}") = "Database", "Database\Database.csproj", "{2B1F9D9B-AE78-4277-A855-65FA051F7F68}"
EndProject
Project("{FAE04EC0-301F-11D3-BF4B-00C04F79EFBC}") = "Models", "Models\Models.csproj", "{151D0B61-4305-4A1D-A39F-805330BE573D}"
EndProject
Project("{FAE04EC0-301F-11D3-BF4B-00C04F79EFBC}") = "Tests", "Tests\Tests.csproj", "{B44C2DF9-32AA-4212-B909-56D4B082A8C5}"
EndProject
Project("{FAE04EC0-301F-11D3-BF4B-00C04F79EFBC}") = "Services", "Services\Services.csproj", "{ADE403A1-0B4C-44F8-AD7D-F2CD83330D86}"
EndProject
Project("{FAE04EC0-301F-11D3-BF4B-00C04F79EFBC}") = "ViewModels", "ViewModels\ViewModels.csproj", "{B417327B-B179-4940-86F4-798B9B902B9B}"
EndProject
Global
	GlobalSection(SolutionConfigurationPlatforms) = preSolution
		Debug|Any CPU = Debug|Any CPU
		Release|Any CPU = Release|Any CPU
	EndGlobalSection
	GlobalSection(ProjectConfigurationPlatforms) = postSolution
		{DC6FBF92-82FD-43F1-B9F1-8C5A2822D00F}.Debug|Any CPU.ActiveCfg = Debug|Any CPU
		{DC6FBF92-82FD-43F1-B9F1-8C5A2822D00F}.Debug|Any CPU.Build.0 = Debug|Any CPU
		{DC6FBF92-82FD-43F1-B9F1-8C5A2822D00F}.Release|Any CPU.ActiveCfg = Release|Any CPU
		{DC6FBF92-82FD-43F1-B9F1-8C5A2822D00F}.Release|Any CPU.Build.0 = Release|Any CPU
		{2B1F9D9B-AE78-4277-A855-65FA051F7F68}.Debug|Any CPU.ActiveCfg = Debug|Any CPU
		{2B1F9D9B-AE78-4277-A855-65FA051F7F68}.Debug|Any CPU.Build.0 = Debug|Any CPU
		{2B1F9D9B-AE78-4277-A855-65FA051F7F68}.Release|Any CPU.ActiveCfg = Release|Any CPU
		{2B1F9D9B-AE78-4277-A855-65FA051F7F68}.Release|Any CPU.Build.0 = Release|Any CPU
		{151D0B61-4305-4A1D-A39F-805330BE573D}.Debug|Any CPU.ActiveCfg = Debug|Any CPU
		{151D0B61-4305-4A1D-A39F-805330BE573D}.Debug|Any CPU.Build.0 = Debug|Any CPU
		{151D0B61-4305-4A1D-A39F-805330BE573D}.Release|Any CPU.ActiveCfg = Release|Any CPU
		{151D0B61-4305-4A1D-A39F-805330BE573D}.Release|Any CPU.Build.0 = Release|Any CPU
		{B44C2DF9-32AA-4212-B909-56D4B082A8C5}.Debug|Any CPU.ActiveCfg = Debug|Any CPU
		{B44C2DF9-32AA-4212-B909-56D4B082A8C5}.Debug|Any CPU.Build.0 = Debug|Any CPU
		{B44C2DF9-32AA-4212-B909-56D4B082A8C5}.Release|Any CPU.ActiveCfg = Release|Any CPU
		{B44C2DF9-32AA-4212-B909-56D4B082A8C5}.Release|Any CPU.Build.0 = Release|Any CPU
		{ADE403A1-0B4C-44F8-AD7D-F2CD83330D86}.Debug|Any CPU.ActiveCfg = Debug|Any CPU
		{ADE403A1-0B4C-44F8-AD7D-F2CD83330D86}.Debug|Any CPU.Build.0 = Debug|Any CPU
		{ADE403A1-0B4C-44F8-AD7D-F2CD83330D86}.Release|Any CPU.ActiveCfg = Release|Any CPU
		{ADE403A1-0B4C-44F8-AD7D-F2CD83330D86}.Release|Any CPU.Build.0 = Release|Any CPU
		{B417327B-B179-4940-86F4-798B9B902B9B}.Debug|Any CPU.ActiveCfg = Debug|Any CPU
		{B417327B-B179-4940-86F4-798B9B902B9B}.Debug|Any CPU.Build.0 = Debug|Any CPU
		{B417327B-B179-4940-86F4-798B9B902B9B}.Release|Any CPU.ActiveCfg = Release|Any CPU
		{B417327B-B179-4940-86F4-798B9B902B9B}.Release|Any CPU.Build.0 = Release|Any CPU
	EndGlobalSection
	GlobalSection(SolutionProperties) = preSolution
		HideSolutionNode = FALSE
	EndGlobalSection
	GlobalSection(ExtensibilityGlobals) = postSolution
		SolutionGuid = {57EAE05A-C1F5-4853-A506-5FC798CD1E00}
	EndGlobalSection
EndGlobal
